
Microsoft Visual Studio Solution File, Format Version 12.00
# Visual Studio Version 17
VisualStudioVersion = 17.14.36408.4 d17.14
MinimumVisualStudioVersion = 10.0.40219.1
Project("{FAE04EC0-301F-11D3-BF4B-00C04F79EFBC}") = "ProductClientHub.API", "ProductClientHub.API\ProductClientHub.API.csproj", "{4AFC481E-AB7F-4BF9-A2FA-3DD77DC2AD98}"
EndProject
Project("{FAE04EC0-301F-11D3-BF4B-00C04F79EFBC}") = "ProductClientHub.Communication", "ProductClientHub.Communication\ProductClientHub.Communication.csproj", "{A379D4B4-FF3E-42ED-9268-E75B285FA839}"
EndProject
Project("{FAE04EC0-301F-11D3-BF4B-00C04F79EFBC}") = "ProductClientHub.Exceptions", "ProductClientHub.Exceptions\ProductClientHub.Exceptions.csproj", "{ED39B1BD-E970-43EA-8332-C3615618C1F4}"
EndProject
Global
	GlobalSection(SolutionConfigurationPlatforms) = preSolution
		Debug|Any CPU = Debug|Any CPU
		Release|Any CPU = Release|Any CPU
	EndGlobalSection
	GlobalSection(ProjectConfigurationPlatforms) = postSolution
		{4AFC481E-AB7F-4BF9-A2FA-3DD77DC2AD98}.Debug|Any CPU.ActiveCfg = Debug|Any CPU
		{4AFC481E-AB7F-4BF9-A2FA-3DD77DC2AD98}.Debug|Any CPU.Build.0 = Debug|Any CPU
		{4AFC481E-AB7F-4BF9-A2FA-3DD77DC2AD98}.Release|Any CPU.ActiveCfg = Release|Any CPU
		{4AFC481E-AB7F-4BF9-A2FA-3DD77DC2AD98}.Release|Any CPU.Build.0 = Release|Any CPU
		{A379D4B4-FF3E-42ED-9268-E75B285FA839}.Debug|Any CPU.ActiveCfg = Debug|Any CPU
		{A379D4B4-FF3E-42ED-9268-E75B285FA839}.Debug|Any CPU.Build.0 = Debug|Any CPU
		{A379D4B4-FF3E-42ED-9268-E75B285FA839}.Release|Any CPU.ActiveCfg = Release|Any CPU
		{A379D4B4-FF3E-42ED-9268-E75B285FA839}.Release|Any CPU.Build.0 = Release|Any CPU
		{ED39B1BD-E970-43EA-8332-C3615618C1F4}.Debug|Any CPU.ActiveCfg = Debug|Any CPU
		{ED39B1BD-E970-43EA-8332-C3615618C1F4}.Debug|Any CPU.Build.0 = Debug|Any CPU
		{ED39B1BD-E970-43EA-8332-C3615618C1F4}.Release|Any CPU.ActiveCfg = Release|Any CPU
		{ED39B1BD-E970-43EA-8332-C3615618C1F4}.Release|Any CPU.Build.0 = Release|Any CPU
	EndGlobalSection
	GlobalSection(SolutionProperties) = preSolution
		HideSolutionNode = FALSE
	EndGlobalSection
	GlobalSection(ExtensibilityGlobals) = postSolution
		SolutionGuid = {18016620-CDB9-40F8-A216-A36A6F37319C}
	EndGlobalSection
EndGlobal
